
Microsoft Visual Studio Solution File, Format Version 12.00
# Visual Studio 15
Project("{FAE04EC0-301F-11D3-BF4B-00C04F79EFBC}") = "mobiledata.Android", "mobiledata.Android\mobiledata.Android.csproj", "{90F07114-31E0-4496-9BCE-51120E31CD9F}"
EndProject
Project("{FAE04EC0-301F-11D3-BF4B-00C04F79EFBC}") = "mobiledata.iOS", "mobiledata.iOS\mobiledata.iOS.csproj", "{97052D45-726D-40C1-8161-658E07BA5716}"
EndProject
Project("{FAE04EC0-301F-11D3-BF4B-00C04F79EFBC}") = "mobiledata", "mobiledata\mobiledata.csproj", "{248D0CFF-8C2E-4537-B1E5-397D24746A84}"
EndProject
Global
	GlobalSection(SolutionConfigurationPlatforms) = preSolution
		Debug|Any CPU = Debug|Any CPU
		Release|Any CPU = Release|Any CPU
		Debug|iPhoneSimulator = Debug|iPhoneSimulator
		Release|iPhoneSimulator = Release|iPhoneSimulator
		Debug|iPhone = Debug|iPhone
		Release|iPhone = Release|iPhone
	EndGlobalSection
	GlobalSection(ProjectConfigurationPlatforms) = postSolution
		{90F07114-31E0-4496-9BCE-51120E31CD9F}.Debug|Any CPU.ActiveCfg = Debug|Any CPU
		{90F07114-31E0-4496-9BCE-51120E31CD9F}.Debug|Any CPU.Build.0 = Debug|Any CPU
		{90F07114-31E0-4496-9BCE-51120E31CD9F}.Release|Any CPU.ActiveCfg = Release|Any CPU
		{90F07114-31E0-4496-9BCE-51120E31CD9F}.Release|Any CPU.Build.0 = Release|Any CPU
		{90F07114-31E0-4496-9BCE-51120E31CD9F}.Debug|iPhoneSimulator.ActiveCfg = Debug|Any CPU
		{90F07114-31E0-4496-9BCE-51120E31CD9F}.Debug|iPhoneSimulator.Build.0 = Debug|Any CPU
		{90F07114-31E0-4496-9BCE-51120E31CD9F}.Release|iPhoneSimulator.ActiveCfg = Release|Any CPU
		{90F07114-31E0-4496-9BCE-51120E31CD9F}.Release|iPhoneSimulator.Build.0 = Release|Any CPU
		{90F07114-31E0-4496-9BCE-51120E31CD9F}.Debug|iPhone.ActiveCfg = Debug|Any CPU
		{90F07114-31E0-4496-9BCE-51120E31CD9F}.Debug|iPhone.Build.0 = Debug|Any CPU
		{90F07114-31E0-4496-9BCE-51120E31CD9F}.Release|iPhone.ActiveCfg = Release|Any CPU
		{90F07114-31E0-4496-9BCE-51120E31CD9F}.Release|iPhone.Build.0 = Release|Any CPU
		{97052D45-726D-40C1-8161-658E07BA5716}.Debug|Any CPU.ActiveCfg = Debug|iPhoneSimulator
		{97052D45-726D-40C1-8161-658E07BA5716}.Debug|Any CPU.Build.0 = Debug|iPhoneSimulator
		{97052D45-726D-40C1-8161-658E07BA5716}.Release|Any CPU.ActiveCfg = Release|iPhoneSimulator
		{97052D45-726D-40C1-8161-658E07BA5716}.Release|Any CPU.Build.0 = Release|iPhoneSimulator
		{97052D45-726D-40C1-8161-658E07BA5716}.Debug|iPhoneSimulator.ActiveCfg = Debug|iPhoneSimulator
		{97052D45-726D-40C1-8161-658E07BA5716}.Debug|iPhoneSimulator.Build.0 = Debug|iPhoneSimulator
		{97052D45-726D-40C1-8161-658E07BA5716}.Release|iPhoneSimulator.ActiveCfg = Release|iPhoneSimulator
		{97052D45-726D-40C1-8161-658E07BA5716}.Release|iPhoneSimulator.Build.0 = Release|iPhoneSimulator
		{97052D45-726D-40C1-8161-658E07BA5716}.Debug|iPhone.ActiveCfg = Debug|iPhone
		{97052D45-726D-40C1-8161-658E07BA5716}.Debug|iPhone.Build.0 = Debug|iPhone
		{97052D45-726D-40C1-8161-658E07BA5716}.Release|iPhone.ActiveCfg = Release|iPhone
		{97052D45-726D-40C1-8161-658E07BA5716}.Release|iPhone.Build.0 = Release|iPhone
		{248D0CFF-8C2E-4537-B1E5-397D24746A84}.Debug|Any CPU.ActiveCfg = Debug|Any CPU
		{248D0CFF-8C2E-4537-B1E5-397D24746A84}.Debug|Any CPU.Build.0 = Debug|Any CPU
		{248D0CFF-8C2E-4537-B1E5-397D24746A84}.Release|Any CPU.ActiveCfg = Release|Any CPU
		{248D0CFF-8C2E-4537-B1E5-397D24746A84}.Release|Any CPU.Build.0 = Release|Any CPU
		{248D0CFF-8C2E-4537-B1E5-397D24746A84}.Debug|iPhoneSimulator.ActiveCfg = Debug|Any CPU
		{248D0CFF-8C2E-4537-B1E5-397D24746A84}.Debug|iPhoneSimulator.Build.0 = Debug|Any CPU
		{248D0CFF-8C2E-4537-B1E5-397D24746A84}.Release|iPhoneSimulator.ActiveCfg = Release|Any CPU
		{248D0CFF-8C2E-4537-B1E5-397D24746A84}.Release|iPhoneSimulator.Build.0 = Release|Any CPU
		{248D0CFF-8C2E-4537-B1E5-397D24746A84}.Debug|iPhone.ActiveCfg = Debug|Any CPU
		{248D0CFF-8C2E-4537-B1E5-397D24746A84}.Debug|iPhone.Build.0 = Debug|Any CPU
		{248D0CFF-8C2E-4537-B1E5-397D24746A84}.Release|iPhone.ActiveCfg = Release|Any CPU
		{248D0CFF-8C2E-4537-B1E5-397D24746A84}.Release|iPhone.Build.0 = Release|Any CPU
	EndGlobalSection
EndGlobal
